
Microsoft Visual Studio Solution File, Format Version 12.00
# Visual Studio 15
Project("{FAE04EC0-301F-11D3-BF4B-00C04F79EFBC}") = "RectangleEncapsulationApp", "RectangleEncapsulationApp\RectangleEncapsulationApp.csproj", "{3F8896E2-701E-4B5E-8DE9-85A1F53B6EF3}"
EndProject
Global
	GlobalSection(SolutionConfigurationPlatforms) = preSolution
		Debug|Any CPU = Debug|Any CPU
		Release|Any CPU = Release|Any CPU
	EndGlobalSection
	GlobalSection(ProjectConfigurationPlatforms) = postSolution
		{3F8896E2-701E-4B5E-8DE9-85A1F53B6EF3}.Debug|Any CPU.ActiveCfg = Debug|Any CPU
		{3F8896E2-701E-4B5E-8DE9-85A1F53B6EF3}.Debug|Any CPU.Build.0 = Debug|Any CPU
		{3F8896E2-701E-4B5E-8DE9-85A1F53B6EF3}.Release|Any CPU.ActiveCfg = Release|Any CPU
		{3F8896E2-701E-4B5E-8DE9-85A1F53B6EF3}.Release|Any CPU.Build.0 = Release|Any CPU
	EndGlobalSection
EndGlobal
