
Microsoft Visual Studio Solution File, Format Version 12.00
# Visual Studio 15
Project("{FAE04EC0-301F-11D3-BF4B-00C04F79EFBC}") = "FileIOApp", "FileIOApp\FileIOApp.csproj", "{47F1AE1E-FB96-4BA7-9C83-7B1EA5BA038B}"
EndProject
Global
	GlobalSection(SolutionConfigurationPlatforms) = preSolution
		Debug|Any CPU = Debug|Any CPU
		Release|Any CPU = Release|Any CPU
	EndGlobalSection
	GlobalSection(ProjectConfigurationPlatforms) = postSolution
		{47F1AE1E-FB96-4BA7-9C83-7B1EA5BA038B}.Debug|Any CPU.ActiveCfg = Debug|Any CPU
		{47F1AE1E-FB96-4BA7-9C83-7B1EA5BA038B}.Debug|Any CPU.Build.0 = Debug|Any CPU
		{47F1AE1E-FB96-4BA7-9C83-7B1EA5BA038B}.Release|Any CPU.ActiveCfg = Release|Any CPU
		{47F1AE1E-FB96-4BA7-9C83-7B1EA5BA038B}.Release|Any CPU.Build.0 = Release|Any CPU
	EndGlobalSection
EndGlobal
